
Microsoft Visual Studio Solution File, Format Version 12.00
# Visual Studio Version 16
VisualStudioVersion = 16.0.30907.101
MinimumVisualStudioVersion = 10.0.40219.1
Project("{9A19103F-16F7-4668-BE54-9A1E7A4F7556}") = "API2", "API2.csproj", "{F43F713A-C08F-4658-8C48-F17AFAEB7E5B}"
EndProject
Global
	GlobalSection(SolutionConfigurationPlatforms) = preSolution
		Debug|Any CPU = Debug|Any CPU
		Release|Any CPU = Release|Any CPU
	EndGlobalSection
	GlobalSection(ProjectConfigurationPlatforms) = postSolution
		{F43F713A-C08F-4658-8C48-F17AFAEB7E5B}.Debug|Any CPU.ActiveCfg = Debug|Any CPU
		{F43F713A-C08F-4658-8C48-F17AFAEB7E5B}.Debug|Any CPU.Build.0 = Debug|Any CPU
		{F43F713A-C08F-4658-8C48-F17AFAEB7E5B}.Release|Any CPU.ActiveCfg = Release|Any CPU
		{F43F713A-C08F-4658-8C48-F17AFAEB7E5B}.Release|Any CPU.Build.0 = Release|Any CPU
	EndGlobalSection
	GlobalSection(SolutionProperties) = preSolution
		HideSolutionNode = FALSE
	EndGlobalSection
	GlobalSection(ExtensibilityGlobals) = postSolution
		SolutionGuid = {6FAA12B0-F501-4708-83B0-D739C76CE866}
	EndGlobalSection
EndGlobal
