
Microsoft Visual Studio Solution File, Format Version 12.00
# Visual Studio Version 16
VisualStudioVersion = 16.0.30907.101
MinimumVisualStudioVersion = 10.0.40219.1
Project("{9A19103F-16F7-4668-BE54-9A1E7A4F7556}") = "API4", "API4.csproj", "{D5208256-6D53-4CC5-B92C-FD3FA32EDEA8}"
EndProject
Global
	GlobalSection(SolutionConfigurationPlatforms) = preSolution
		Debug|Any CPU = Debug|Any CPU
		Release|Any CPU = Release|Any CPU
	EndGlobalSection
	GlobalSection(ProjectConfigurationPlatforms) = postSolution
		{D5208256-6D53-4CC5-B92C-FD3FA32EDEA8}.Debug|Any CPU.ActiveCfg = Debug|Any CPU
		{D5208256-6D53-4CC5-B92C-FD3FA32EDEA8}.Debug|Any CPU.Build.0 = Debug|Any CPU
		{D5208256-6D53-4CC5-B92C-FD3FA32EDEA8}.Release|Any CPU.ActiveCfg = Release|Any CPU
		{D5208256-6D53-4CC5-B92C-FD3FA32EDEA8}.Release|Any CPU.Build.0 = Release|Any CPU
	EndGlobalSection
	GlobalSection(SolutionProperties) = preSolution
		HideSolutionNode = FALSE
	EndGlobalSection
	GlobalSection(ExtensibilityGlobals) = postSolution
		SolutionGuid = {0B19F63F-B88B-4D94-A551-EF6FBD6DE7C3}
	EndGlobalSection
EndGlobal
